
Microsoft Visual Studio Solution File, Format Version 12.00
# Visual Studio Version 16
VisualStudioVersion = 16.0.32802.440
MinimumVisualStudioVersion = 10.0.40219.1
Project("{FAE04EC0-301F-11D3-BF4B-00C04F79EFBC}") = "DesignPatterns", "DesignPatterns\DesignPatterns.csproj", "{C5F9CA10-65A7-477A-A9C4-322121F8F0A0}"
EndProject
Global
	GlobalSection(SolutionConfigurationPlatforms) = preSolution
		Debug|Any CPU = Debug|Any CPU
		Release|Any CPU = Release|Any CPU
	EndGlobalSection
	GlobalSection(ProjectConfigurationPlatforms) = postSolution
		{C5F9CA10-65A7-477A-A9C4-322121F8F0A0}.Debug|Any CPU.ActiveCfg = Debug|Any CPU
		{C5F9CA10-65A7-477A-A9C4-322121F8F0A0}.Debug|Any CPU.Build.0 = Debug|Any CPU
		{C5F9CA10-65A7-477A-A9C4-322121F8F0A0}.Release|Any CPU.ActiveCfg = Release|Any CPU
		{C5F9CA10-65A7-477A-A9C4-322121F8F0A0}.Release|Any CPU.Build.0 = Release|Any CPU
	EndGlobalSection
	GlobalSection(SolutionProperties) = preSolution
		HideSolutionNode = FALSE
	EndGlobalSection
	GlobalSection(ExtensibilityGlobals) = postSolution
		SolutionGuid = {E3148031-55A9-40D6-8988-D7C33B7D10F8}
	EndGlobalSection
EndGlobal
